{
  "name": "store",
  "requires": true,
  "lockfileVersion": 1,
  "dependencies": {
    "jquery": {
      "version": "3.2.1",
      "resolved": "https://registry.npmjs.org/jquery/-/jquery-3.2.1.tgz",
      "integrity": "sha1-XE2d5lKvbNCncBVKYxu6ErAVx4c="
    },
    "raty-js": {
      "version": "2.8.0",
      "resolved": "https://registry.npmjs.org/raty-js/-/raty-js-2.8.0.tgz",
      "integrity": "sha512-jYcRQKflST3KcL/jLiB6hLdjc5q4yX8mhD3FJO/oNn7fLDrVAW91WqmTHE7a3YdQxkG4xVOXwtwGS36GylQhRg==",
      "requires": {
        "jquery": "3.2.1"
      }
    }
  }
}
